{
    "name": "@cloud-technology/state-machine",
    "version": "0.0.1",
    "lockfileVersion": 2,
    "requires": true,
    "packages": {
        "": {
            "name": "@cloud-technology/state-machine",
            "version": "0.0.1",
            "license": "BSD-3-Clause",
            "workspaces": [
                "functions/*"
            ],
            "dependencies": {
                "@cloud-technology/step-function-1": "workspaces:functions/step-function-1",
                "@cloud-technology/step-function-2": "workspaces:functions/step-function-2",
                "@cloud-technology/step-function-3": "workspaces:functions/step-function-3"
            }
        },
        "functions/step-function-1": {
            "name": "@cloud-technology/step-function-1",
            "version": "1.0.0",
            "license": "MIT"
        },
        "functions/step-function-2": {
            "name": "@cloud-technology/step-function-2",
            "version": "1.0.0",
            "license": "MIT"
        },
        "functions/step-function-3": {
            "name": "@cloud-technology/step-function-3",
            "version": "1.0.0",
            "license": "MIT"
        },
        "node_modules/@cloud-technology/step-function-1": {
            "resolved": "functions/step-function-1",
            "link": true
        },
        "node_modules/@cloud-technology/step-function-2": {
            "resolved": "functions/step-function-2",
            "link": true
        },
        "node_modules/@cloud-technology/step-function-3": {
            "resolved": "functions/step-function-3",
            "link": true
        }
    },
    "dependencies": {
        "@cloud-technology/step-function-1": {
            "version": "file:functions/step-function-1"
        },
        "@cloud-technology/step-function-2": {
            "version": "file:functions/step-function-2"
        },
        "@cloud-technology/step-function-3": {
            "version": "file:functions/step-function-3"
        }
    }
}
